// !$*UTF8*$!
{
	archiveVersion = 1;
	classes = {
	};
	objectVersion = 55;
	objects = {

/* Begin PBXBuildFile section */
		F31581A427A9D5D700AC9AF9 /* Lab1_2022App.swift in Sources */ = {isa = PBXBuildFile; fileRef = F39279D02797612C00B81D12 /* Lab1_2022App.swift */; };
		F31581A527A9D5D800AC9AF9 /* Lab1_2022App.swift in Sources */ = {isa = PBXBuildFile; fileRef = F39279D02797612C00B81D12 /* Lab1_2022App.swift */; };
		F31581A627A9D5E300AC9AF9 /* DetailView.swift in Sources */ = {isa = PBXBuildFile; fileRef = F39279D22797612C00B81D12 /* DetailView.swift */; };
		F31581A727A9D5E400AC9AF9 /* DetailView.swift in Sources */ = {isa = PBXBuildFile; fileRef = F39279D22797612C00B81D12 /* DetailView.swift */; };
		F31581AA27A9DB2500AC9AF9 /* Lab1_2022UITests.swift in Sources */ = {isa = PBXBuildFile; fileRef = F39279EB2797612E00B81D12 /* Lab1_2022UITests.swift */; };
		F354425B27CEBFBF00D697E2 /* ImageView.swift in Sources */ = {isa = PBXBuildFile; fileRef = F354425A27CEBFBF00D697E2 /* ImageView.swift */; };
		F354425C27CEBFBF00D697E2 /* ImageView.swift in Sources */ = {isa = PBXBuildFile; fileRef = F354425A27CEBFBF00D697E2 /* ImageView.swift */; };
		F354425D27CEBFBF00D697E2 /* ImageView.swift in Sources */ = {isa = PBXBuildFile; fileRef = F354425A27CEBFBF00D697E2 /* ImageView.swift */; };
		F39279D12797612C00B81D12 /* Lab1_2022App.swift in Sources */ = {isa = PBXBuildFile; fileRef = F39279D02797612C00B81D12 /* Lab1_2022App.swift */; };
		F39279D32797612C00B81D12 /* DetailView.swift in Sources */ = {isa = PBXBuildFile; fileRef = F39279D22797612C00B81D12 /* DetailView.swift */; };
		F39279D52797612E00B81D12 /* Assets.xcassets in Resources */ = {isa = PBXBuildFile; fileRef = F39279D42797612E00B81D12 /* Assets.xcassets */; };
		F39279D82797612E00B81D12 /* Preview Assets.xcassets in Resources */ = {isa = PBXBuildFile; fileRef = F39279D72797612E00B81D12 /* Preview Assets.xcassets */; };
		F39279E22797612E00B81D12 /* Lab1_2022Tests.swift in Sources */ = {isa = PBXBuildFile; fileRef = F39279E12797612E00B81D12 /* Lab1_2022Tests.swift */; };
		F39279EE2797612E00B81D12 /* Lab1_2022UITestsLaunchTests.swift in Sources */ = {isa = PBXBuildFile; fileRef = F39279ED2797612E00B81D12 /* Lab1_2022UITestsLaunchTests.swift */; };
		F3A32F0027B30D5E006FABAD /* InventoryItem.swift in Sources */ = {isa = PBXBuildFile; fileRef = F3A32EFF27B30D5E006FABAD /* InventoryItem.swift */; };
		F3A32F0127B30D5E006FABAD /* InventoryItem.swift in Sources */ = {isa = PBXBuildFile; fileRef = F3A32EFF27B30D5E006FABAD /* InventoryItem.swift */; };
		F3A32F0227B30D5E006FABAD /* InventoryItem.swift in Sources */ = {isa = PBXBuildFile; fileRef = F3A32EFF27B30D5E006FABAD /* InventoryItem.swift */; };
		F3A32F0427B30DF6006FABAD /* InventoryItems.swift in Sources */ = {isa = PBXBuildFile; fileRef = F3A32F0327B30DF6006FABAD /* InventoryItems.swift */; };
		F3A32F0527B30DF6006FABAD /* InventoryItems.swift in Sources */ = {isa = PBXBuildFile; fileRef = F3A32F0327B30DF6006FABAD /* InventoryItems.swift */; };
		F3A32F0627B30DF6006FABAD /* InventoryItems.swift in Sources */ = {isa = PBXBuildFile; fileRef = F3A32F0327B30DF6006FABAD /* InventoryItems.swift */; };
		F3A32F0827B30E71006FABAD /* RowView.swift in Sources */ = {isa = PBXBuildFile; fileRef = F3A32F0727B30E71006FABAD /* RowView.swift */; };
		F3A32F0927B30E71006FABAD /* RowView.swift in Sources */ = {isa = PBXBuildFile; fileRef = F3A32F0727B30E71006FABAD /* RowView.swift */; };
		F3A32F0A27B30E71006FABAD /* RowView.swift in Sources */ = {isa = PBXBuildFile; fileRef = F3A32F0727B30E71006FABAD /* RowView.swift */; };
		F3F68E8927A09AF300C8B84B /* MainView.swift in Sources */ = {isa = PBXBuildFile; fileRef = F3F68E8827A09AF300C8B84B /* MainView.swift */; };
		F3F68E8A27A09AF300C8B84B /* MainView.swift in Sources */ = {isa = PBXBuildFile; fileRef = F3F68E8827A09AF300C8B84B /* MainView.swift */; };
		F3F68E8B27A09AF300C8B84B /* MainView.swift in Sources */ = {isa = PBXBuildFile; fileRef = F3F68E8827A09AF300C8B84B /* MainView.swift */; };
		F3F68E8D27A09B8900C8B84B /* SettingsView.swift in Sources */ = {isa = PBXBuildFile; fileRef = F3F68E8C27A09B8900C8B84B /* SettingsView.swift */; };
		F3F68E8E27A09B8900C8B84B /* SettingsView.swift in Sources */ = {isa = PBXBuildFile; fileRef = F3F68E8C27A09B8900C8B84B /* SettingsView.swift */; };
		F3F68E8F27A09B8900C8B84B /* SettingsView.swift in Sources */ = {isa = PBXBuildFile; fileRef = F3F68E8C27A09B8900C8B84B /* SettingsView.swift */; };
/* End PBXBuildFile section */

/* Begin PBXContainerItemProxy section */
		F39279DE2797612E00B81D12 /* PBXContainerItemProxy */ = {
			isa = PBXContainerItemProxy;
			containerPortal = F39279C52797612C00B81D12 /* Project object */;
			proxyType = 1;
			remoteGlobalIDString = F39279CC2797612C00B81D12;
			remoteInfo = Lab1_2022;
		};
		F39279E82797612E00B81D12 /* PBXContainerItemProxy */ = {
			isa = PBXContainerItemProxy;
			containerPortal = F39279C52797612C00B81D12 /* Project object */;
			proxyType = 1;
			remoteGlobalIDString = F39279CC2797612C00B81D12;
			remoteInfo = Lab1_2022;
		};
/* End PBXContainerItemProxy section */

/* Begin PBXFileReference section */
		F354425A27CEBFBF00D697E2 /* ImageView.swift */ = {isa = PBXFileReference; fileEncoding = 4; lastKnownFileType = sourcecode.swift; path = ImageView.swift; sourceTree = "<group>"; };
		F39279CD2797612C00B81D12 /* Lab1_2022.app */ = {isa = PBXFileReference; explicitFileType = wrapper.application; includeInIndex = 0; path = Lab1_2022.app; sourceTree = BUILT_PRODUCTS_DIR; };
		F39279D02797612C00B81D12 /* Lab1_2022App.swift */ = {isa = PBXFileReference; lastKnownFileType = sourcecode.swift; path = Lab1_2022App.swift; sourceTree = "<group>"; };
		F39279D22797612C00B81D12 /* DetailView.swift */ = {isa = PBXFileReference; lastKnownFileType = sourcecode.swift; path = DetailView.swift; sourceTree = "<group>"; };
		F39279D42797612E00B81D12 /* Assets.xcassets */ = {isa = PBXFileReference; lastKnownFileType = folder.assetcatalog; path = Assets.xcassets; sourceTree = "<group>"; };
		F39279D72797612E00B81D12 /* Preview Assets.xcassets */ = {isa = PBXFileReference; lastKnownFileType = folder.assetcatalog; path = "Preview Assets.xcassets"; sourceTree = "<group>"; };
		F39279DD2797612E00B81D12 /* Lab1_2022Tests.xctest */ = {isa = PBXFileReference; explicitFileType = wrapper.cfbundle; includeInIndex = 0; path = Lab1_2022Tests.xctest; sourceTree = BUILT_PRODUCTS_DIR; };
		F39279E12797612E00B81D12 /* Lab1_2022Tests.swift */ = {isa = PBXFileReference; lastKnownFileType = sourcecode.swift; path = Lab1_2022Tests.swift; sourceTree = "<group>"; };
		F39279E72797612E00B81D12 /* Lab1_2022UITests.xctest */ = {isa = PBXFileReference; explicitFileType = wrapper.cfbundle; includeInIndex = 0; path = Lab1_2022UITests.xctest; sourceTree = BUILT_PRODUCTS_DIR; };
		F39279EB2797612E00B81D12 /* Lab1_2022UITests.swift */ = {isa = PBXFileReference; lastKnownFileType = sourcecode.swift; path = Lab1_2022UITests.swift; sourceTree = "<group>"; };
		F39279ED2797612E00B81D12 /* Lab1_2022UITestsLaunchTests.swift */ = {isa = PBXFileReference; lastKnownFileType = sourcecode.swift; path = Lab1_2022UITestsLaunchTests.swift; sourceTree = "<group>"; };
		F3A32EFF27B30D5E006FABAD /* InventoryItem.swift */ = {isa = PBXFileReference; lastKnownFileType = sourcecode.swift; path = InventoryItem.swift; sourceTree = "<group>"; };
		F3A32F0327B30DF6006FABAD /* InventoryItems.swift */ = {isa = PBXFileReference; lastKnownFileType = sourcecode.swift; path = InventoryItems.swift; sourceTree = "<group>"; };
		F3A32F0727B30E71006FABAD /* RowView.swift */ = {isa = PBXFileReference; lastKnownFileType = sourcecode.swift; path = RowView.swift; sourceTree = "<group>"; };
		F3F68E8827A09AF300C8B84B /* MainView.swift */ = {isa = PBXFileReference; lastKnownFileType = sourcecode.swift; path = MainView.swift; sourceTree = "<group>"; };
		F3F68E8C27A09B8900C8B84B /* SettingsView.swift */ = {isa = PBXFileReference; lastKnownFileType = sourcecode.swift; path = SettingsView.swift; sourceTree = "<group>"; };
/* End PBXFileReference section */

/* Begin PBXFrameworksBuildPhase section */
		F39279CA2797612C00B81D12 /* Frameworks */ = {
			isa = PBXFrameworksBuildPhase;
			buildActionMask = 2147483647;
			files = (
			);
			runOnlyForDeploymentPostprocessing = 0;
		};
		F39279DA2797612E00B81D12 /* Frameworks */ = {
			isa = PBXFrameworksBuildPhase;
			buildActionMask = 2147483647;
			files = (
			);
			runOnlyForDeploymentPostprocessing = 0;
		};
		F39279E42797612E00B81D12 /* Frameworks */ = {
			isa = PBXFrameworksBuildPhase;
			buildActionMask = 2147483647;
			files = (
			);
			runOnlyForDeploymentPostprocessing = 0;
		};
/* End PBXFrameworksBuildPhase section */

/* Begin PBXGroup section */
		F39279C42797612C00B81D12 = {
			isa = PBXGroup;
			children = (
				F39279CF2797612C00B81D12 /* Lab1_2022 */,
				F39279E02797612E00B81D12 /* Lab1_2022Tests */,
				F39279EA2797612E00B81D12 /* Lab1_2022UITests */,
				F39279CE2797612C00B81D12 /* Products */,
			);
			sourceTree = "<group>";
		};
		F39279CE2797612C00B81D12 /* Products */ = {
			isa = PBXGroup;
			children = (
				F39279CD2797612C00B81D12 /* Lab1_2022.app */,
				F39279DD2797612E00B81D12 /* Lab1_2022Tests.xctest */,
				F39279E72797612E00B81D12 /* Lab1_2022UITests.xctest */,
			);
			name = Products;
			sourceTree = "<group>";
		};
		F39279CF2797612C00B81D12 /* Lab1_2022 */ = {
			isa = PBXGroup;
			children = (
				F39279D02797612C00B81D12 /* Lab1_2022App.swift */,
				F354425A27CEBFBF00D697E2 /* ImageView.swift */,
				F3A32F0327B30DF6006FABAD /* InventoryItems.swift */,
				F3A32EFF27B30D5E006FABAD /* InventoryItem.swift */,
				F39279D22797612C00B81D12 /* DetailView.swift */,
				F39279D42797612E00B81D12 /* Assets.xcassets */,
				F39279D62797612E00B81D12 /* Preview Content */,
				F3F68E8827A09AF300C8B84B /* MainView.swift */,
				F3F68E8C27A09B8900C8B84B /* SettingsView.swift */,
				F3A32F0727B30E71006FABAD /* RowView.swift */,
			);
			path = Lab1_2022;
			sourceTree = "<group>";
		};
		F39279D62797612E00B81D12 /* Preview Content */ = {
			isa = PBXGroup;
			children = (
				F39279D72797612E00B81D12 /* Preview Assets.xcassets */,
			);
			path = "Preview Content";
			sourceTree = "<group>";
		};
		F39279E02797612E00B81D12 /* Lab1_2022Tests */ = {
			isa = PBXGroup;
			children = (
				F39279E12797612E00B81D12 /* Lab1_2022Tests.swift */,
			);
			path = Lab1_2022Tests;
			sourceTree = "<group>";
		};
		F39279EA2797612E00B81D12 /* Lab1_2022UITests */ = {
			isa = PBXGroup;
			children = (
				F39279EB2797612E00B81D12 /* Lab1_2022UITests.swift */,
				F39279ED2797612E00B81D12 /* Lab1_2022UITestsLaunchTests.swift */,
			);
			path = Lab1_2022UITests;
			sourceTree = "<group>";
		};
/* End PBXGroup section */

/* Begin PBXNativeTarget section */
		F39279CC2797612C00B81D12 /* Lab1_2022 */ = {
			isa = PBXNativeTarget;
			buildConfigurationList = F39279F12797612E00B81D12 /* Build configuration list for PBXNativeTarget "Lab1_2022" */;
			buildPhases = (
				F39279C92797612C00B81D12 /* Sources */,
				F39279CA2797612C00B81D12 /* Frameworks */,
				F39279CB2797612C00B81D12 /* Resources */,
			);
			buildRules = (
			);
			dependencies = (
			);
			name = Lab1_2022;
			productName = Lab1_2022;
			productReference = F39279CD2797612C00B81D12 /* Lab1_2022.app */;
			productType = "com.apple.product-type.application";
		};
		F39279DC2797612E00B81D12 /* Lab1_2022Tests */ = {
			isa = PBXNativeTarget;
			buildConfigurationList = F39279F42797612E00B81D12 /* Build configuration list for PBXNativeTarget "Lab1_2022Tests" */;
			buildPhases = (
				F39279D92797612E00B81D12 /* Sources */,
				F39279DA2797612E00B81D12 /* Frameworks */,
				F39279DB2797612E00B81D12 /* Resources */,
			);
			buildRules = (
			);
			dependencies = (
				F39279DF2797612E00B81D12 /* PBXTargetDependency */,
			);
			name = Lab1_2022Tests;
			productName = Lab1_2022Tests;
			productReference = F39279DD2797612E00B81D12 /* Lab1_2022Tests.xctest */;
			productType = "com.apple.product-type.bundle.unit-test";
		};
		F39279E62797612E00B81D12 /* Lab1_2022UITests */ = {
			isa = PBXNativeTarget;
			buildConfigurationList = F39279F72797612E00B81D12 /* Build configuration list for PBXNativeTarget "Lab1_2022UITests" */;
			buildPhases = (
				F39279E32797612E00B81D12 /* Sources */,
				F39279E42797612E00B81D12 /* Frameworks */,
				F39279E52797612E00B81D12 /* Resources */,
			);
			buildRules = (
			);
			dependencies = (
				F39279E92797612E00B81D12 /* PBXTargetDependency */,
			);
			name = Lab1_2022UITests;
			productName = Lab1_2022UITests;
			productReference = F39279E72797612E00B81D12 /* Lab1_2022UITests.xctest */;
			productType = "com.apple.product-type.bundle.ui-testing";
		};
/* End PBXNativeTarget section */

/* Begin PBXProject section */
		F39279C52797612C00B81D12 /* Project object */ = {
			isa = PBXProject;
			attributes = {
				BuildIndependentTargetsInParallel = 1;
				LastSwiftUpdateCheck = 1320;
				LastUpgradeCheck = 1320;
				TargetAttributes = {
					F39279CC2797612C00B81D12 = {
						CreatedOnToolsVersion = 13.2.1;
					};
					F39279DC2797612E00B81D12 = {
						CreatedOnToolsVersion = 13.2.1;
						TestTargetID = F39279CC2797612C00B81D12;
					};
					F39279E62797612E00B81D12 = {
						CreatedOnToolsVersion = 13.2.1;
						TestTargetID = F39279CC2797612C00B81D12;
					};
				};
			};
			buildConfigurationList = F39279C82797612C00B81D12 /* Build configuration list for PBXProject "Lab1_2022" */;
			compatibilityVersion = "Xcode 13.0";
			developmentRegion = en;
			hasScannedForEncodings = 0;
			knownRegions = (
				en,
				Base,
			);
			mainGroup = F39279C42797612C00B81D12;
			productRefGroup = F39279CE2797612C00B81D12 /* Products */;
			projectDirPath = "";
			projectRoot = "";
			targets = (
				F39279CC2797612C00B81D12 /* Lab1_2022 */,
				F39279DC2797612E00B81D12 /* Lab1_2022Tests */,
				F39279E62797612E00B81D12 /* Lab1_2022UITests */,
			);
		};
/* End PBXProject section */

/* Begin PBXResourcesBuildPhase section */
		F39279CB2797612C00B81D12 /* Resources */ = {
			isa = PBXResourcesBuildPhase;
			buildActionMask = 2147483647;
			files = (
				F39279D82797612E00B81D12 /* Preview Assets.xcassets in Resources */,
				F39279D52797612E00B81D12 /* Assets.xcassets in Resources */,
			);
			runOnlyForDeploymentPostprocessing = 0;
		};
		F39279DB2797612E00B81D12 /* Resources */ = {
			isa = PBXResourcesBuildPhase;
			buildActionMask = 2147483647;
			files = (
			);
			runOnlyForDeploymentPostprocessing = 0;
		};
		F39279E52797612E00B81D12 /* Resources */ = {
			isa = PBXResourcesBuildPhase;
			buildActionMask = 2147483647;
			files = (
			);
			runOnlyForDeploymentPostprocessing = 0;
		};
/* End PBXResourcesBuildPhase section */

/* Begin PBXSourcesBuildPhase section */
		F39279C92797612C00B81D12 /* Sources */ = {
			isa = PBXSourcesBuildPhase;
			buildActionMask = 2147483647;
			files = (
				F354425B27CEBFBF00D697E2 /* ImageView.swift in Sources */,
				F3A32F0027B30D5E006FABAD /* InventoryItem.swift in Sources */,
				F3A32F0427B30DF6006FABAD /* InventoryItems.swift in Sources */,
				F3A32F0827B30E71006FABAD /* RowView.swift in Sources */,
				F39279D32797612C00B81D12 /* DetailView.swift in Sources */,
				F3F68E8D27A09B8900C8B84B /* SettingsView.swift in Sources */,
				F3F68E8927A09AF300C8B84B /* MainView.swift in Sources */,
				F39279D12797612C00B81D12 /* Lab1_2022App.swift in Sources */,
			);
			runOnlyForDeploymentPostprocessing = 0;
		};
		F39279D92797612E00B81D12 /* Sources */ = {
			isa = PBXSourcesBuildPhase;
			buildActionMask = 2147483647;
			files = (
				F3F68E8E27A09B8900C8B84B /* SettingsView.swift in Sources */,
				F3A32F0527B30DF6006FABAD /* InventoryItems.swift in Sources */,
				F39279E22797612E00B81D12 /* Lab1_2022Tests.swift in Sources */,
				F3A32F0927B30E71006FABAD /* RowView.swift in Sources */,
				F3F68E8A27A09AF300C8B84B /* MainView.swift in Sources */,
				F3A32F0127B30D5E006FABAD /* InventoryItem.swift in Sources */,
				F354425C27CEBFBF00D697E2 /* ImageView.swift in Sources */,
				F31581A627A9D5E300AC9AF9 /* DetailView.swift in Sources */,
				F31581A427A9D5D700AC9AF9 /* Lab1_2022App.swift in Sources */,
			);
			runOnlyForDeploymentPostprocessing = 0;
		};
		F39279E32797612E00B81D12 /* Sources */ = {
			isa = PBXSourcesBuildPhase;
			buildActionMask = 2147483647;
			files = (
				F354425D27CEBFBF00D697E2 /* ImageView.swift in Sources */,
				F39279EE2797612E00B81D12 /* Lab1_2022UITestsLaunchTests.swift in Sources */,
				F31581A727A9D5E400AC9AF9 /* DetailView.swift in Sources */,
				F3F68E8F27A09B8900C8B84B /* SettingsView.swift in Sources */,
				F3F68E8B27A09AF300C8B84B /* MainView.swift in Sources */,
				F3A32F0A27B30E71006FABAD /* RowView.swift in Sources */,
				F31581A527A9D5D800AC9AF9 /* Lab1_2022App.swift in Sources */,
				F3A32F0227B30D5E006FABAD /* InventoryItem.swift in Sources */,
				F31581AA27A9DB2500AC9AF9 /* Lab1_2022UITests.swift in Sources */,
				F3A32F0627B30DF6006FABAD /* InventoryItems.swift in Sources */,
			);
			runOnlyForDeploymentPostprocessing = 0;
		};
/* End PBXSourcesBuildPhase section */

/* Begin PBXTargetDependency section */
		F39279DF2797612E00B81D12 /* PBXTargetDependency */ = {
			isa = PBXTargetDependency;
			target = F39279CC2797612C00B81D12 /* Lab1_2022 */;
			targetProxy = F39279DE2797612E00B81D12 /* PBXContainerItemProxy */;
		};
		F39279E92797612E00B81D12 /* PBXTargetDependency */ = {
			isa = PBXTargetDependency;
			target = F39279CC2797612C00B81D12 /* Lab1_2022 */;
			targetProxy = F39279E82797612E00B81D12 /* PBXContainerItemProxy */;
		};
/* End PBXTargetDependency section */

/* Begin XCBuildConfiguration section */
		F39279EF2797612E00B81D12 /* Debug */ = {
			isa = XCBuildConfiguration;
			buildSettings = {
				ALWAYS_SEARCH_USER_PATHS = NO;
				CLANG_ANALYZER_NONNULL = YES;
				CLANG_ANALYZER_NUMBER_OBJECT_CONVERSION = YES_AGGRESSIVE;
				CLANG_CXX_LANGUAGE_STANDARD = "gnu++17";
				CLANG_CXX_LIBRARY = "libc++";
				CLANG_ENABLE_MODULES = YES;
				CLANG_ENABLE_OBJC_ARC = YES;
				CLANG_ENABLE_OBJC_WEAK = YES;
				CLANG_WARN_BLOCK_CAPTURE_AUTORELEASING = YES;
				CLANG_WARN_BOOL_CONVERSION = YES;
				CLANG_WARN_COMMA = YES;
				CLANG_WARN_CONSTANT_CONVERSION = YES;
				CLANG_WARN_DEPRECATED_OBJC_IMPLEMENTATIONS = YES;
				CLANG_WARN_DIRECT_OBJC_ISA_USAGE = YES_ERROR;
				CLANG_WARN_DOCUMENTATION_COMMENTS = YES;
				CLANG_WARN_EMPTY_BODY = YES;
				CLANG_WARN_ENUM_CONVERSION = YES;
				CLANG_WARN_INFINITE_RECURSION = YES;
				CLANG_WARN_INT_CONVERSION = YES;
				CLANG_WARN_NON_LITERAL_NULL_CONVERSION = YES;
				CLANG_WARN_OBJC_IMPLICIT_RETAIN_SELF = YES;
				CLANG_WARN_OBJC_LITERAL_CONVERSION = YES;
				CLANG_WARN_OBJC_ROOT_CLASS = YES_ERROR;
				CLANG_WARN_QUOTED_INCLUDE_IN_FRAMEWORK_HEADER = YES;
				CLANG_WARN_RANGE_LOOP_ANALYSIS = YES;
				CLANG_WARN_STRICT_PROTOTYPES = YES;
				CLANG_WARN_SUSPICIOUS_MOVE = YES;
				CLANG_WARN_UNGUARDED_AVAILABILITY = YES_AGGRESSIVE;
				CLANG_WARN_UNREACHABLE_CODE = YES;
				CLANG_WARN__DUPLICATE_METHOD_MATCH = YES;
				COPY_PHASE_STRIP = NO;
				DEBUG_INFORMATION_FORMAT = dwarf;
				ENABLE_STRICT_OBJC_MSGSEND = YES;
				ENABLE_TESTABILITY = YES;
				GCC_C_LANGUAGE_STANDARD = gnu11;
				GCC_DYNAMIC_NO_PIC = NO;
				GCC_NO_COMMON_BLOCKS = YES;
				GCC_OPTIMIZATION_LEVEL = 0;
				GCC_PREPROCESSOR_DEFINITIONS = (
					"DEBUG=1",
					"$(inherited)",
				);
				GCC_WARN_64_TO_32_BIT_CONVERSION = YES;
				GCC_WARN_ABOUT_RETURN_TYPE = YES_ERROR;
				GCC_WARN_UNDECLARED_SELECTOR = YES;
				GCC_WARN_UNINITIALIZED_AUTOS = YES_AGGRESSIVE;
				GCC_WARN_UNUSED_FUNCTION = YES;
				GCC_WARN_UNUSED_VARIABLE = YES;
				IPHONEOS_DEPLOYMENT_TARGET = 15.2;
				MTL_ENABLE_DEBUG_INFO = INCLUDE_SOURCE;
				MTL_FAST_MATH = YES;
				ONLY_ACTIVE_ARCH = YES;
				SDKROOT = iphoneos;
				SWIFT_ACTIVE_COMPILATION_CONDITIONS = DEBUG;
				SWIFT_OPTIMIZATION_LEVEL = "-Onone";
			};
			name = Debug;
		};
		F39279F02797612E00B81D12 /* Release */ = {
			isa = XCBuildConfiguration;
			buildSettings = {
				ALWAYS_SEARCH_USER_PATHS = NO;
				CLANG_ANALYZER_NONNULL = YES;
				CLANG_ANALYZER_NUMBER_OBJECT_CONVERSION = YES_AGGRESSIVE;
				CLANG_CXX_LANGUAGE_STANDARD = "gnu++17";
				CLANG_CXX_LIBRARY = "libc++";
				CLANG_ENABLE_MODULES = YES;
				CLANG_ENABLE_OBJC_ARC = YES;
				CLANG_ENABLE_OBJC_WEAK = YES;
				CLANG_WARN_BLOCK_CAPTURE_AUTORELEASING = YES;
				CLANG_WARN_BOOL_CONVERSION = YES;
				CLANG_WARN_COMMA = YES;
				CLANG_WARN_CONSTANT_CONVERSION = YES;
				CLANG_WARN_DEPRECATED_OBJC_IMPLEMENTATIONS = YES;
				CLANG_WARN_DIRECT_OBJC_ISA_USAGE = YES_ERROR;
				CLANG_WARN_DOCUMENTATION_COMMENTS = YES;
				CLANG_WARN_EMPTY_BODY = YES;
				CLANG_WARN_ENUM_CONVERSION = YES;
				CLANG_WARN_INFINITE_RECURSION = YES;
				CLANG_WARN_INT_CONVERSION = YES;
				CLANG_WARN_NON_LITERAL_NULL_CONVERSION = YES;
				CLANG_WARN_OBJC_IMPLICIT_RETAIN_SELF = YES;
				CLANG_WARN_OBJC_LITERAL_CONVERSION = YES;
				CLANG_WARN_OBJC_ROOT_CLASS = YES_ERROR;
				CLANG_WARN_QUOTED_INCLUDE_IN_FRAMEWORK_HEADER = YES;
				CLANG_WARN_RANGE_LOOP_ANALYSIS = YES;
				CLANG_WARN_STRICT_PROTOTYPES = YES;
				CLANG_WARN_SUSPICIOUS_MOVE = YES;
				CLANG_WARN_UNGUARDED_AVAILABILITY = YES_AGGRESSIVE;
				CLANG_WARN_UNREACHABLE_CODE = YES;
				CLANG_WARN__DUPLICATE_METHOD_MATCH = YES;
				COPY_PHASE_STRIP = NO;
				DEBUG_INFORMATION_FORMAT = "dwarf-with-dsym";
				ENABLE_NS_ASSERTIONS = NO;
				ENABLE_STRICT_OBJC_MSGSEND = YES;
				GCC_C_LANGUAGE_STANDARD = gnu11;
				GCC_NO_COMMON_BLOCKS = YES;
				GCC_WARN_64_TO_32_BIT_CONVERSION = YES;
				GCC_WARN_ABOUT_RETURN_TYPE = YES_ERROR;
				GCC_WARN_UNDECLARED_SELECTOR = YES;
				GCC_WARN_UNINITIALIZED_AUTOS = YES_AGGRESSIVE;
				GCC_WARN_UNUSED_FUNCTION = YES;
				GCC_WARN_UNUSED_VARIABLE = YES;
				IPHONEOS_DEPLOYMENT_TARGET = 15.2;
				MTL_ENABLE_DEBUG_INFO = NO;
				MTL_FAST_MATH = YES;
				SDKROOT = iphoneos;
				SWIFT_COMPILATION_MODE = wholemodule;
				SWIFT_OPTIMIZATION_LEVEL = "-O";
				VALIDATE_PRODUCT = YES;
			};
			name = Release;
		};
		F39279F22797612E00B81D12 /* Debug */ = {
			isa = XCBuildConfiguration;
			buildSettings = {
				ASSETCATALOG_COMPILER_APPICON_NAME = AppIcon;
				ASSETCATALOG_COMPILER_GLOBAL_ACCENT_COLOR_NAME = AccentColor;
				CODE_SIGN_STYLE = Automatic;
				CURRENT_PROJECT_VERSION = 1;
				DEVELOPMENT_ASSET_PATHS = "\"Lab1_2022/Preview Content\"";
				DEVELOPMENT_TEAM = SXU5PKL45A;
				ENABLE_PREVIEWS = YES;
				GENERATE_INFOPLIST_FILE = YES;
				INFOPLIST_KEY_NSCameraUsageDescription = "Camera Access is needed to add photos of inventory items";
				INFOPLIST_KEY_NSPhotoLibraryUsageDescription = "Photo library access is needed to add photos of inventory items";
				INFOPLIST_KEY_UIApplicationSceneManifest_Generation = YES;
				INFOPLIST_KEY_UIApplicationSupportsIndirectInputEvents = YES;
				INFOPLIST_KEY_UILaunchScreen_Generation = YES;
				INFOPLIST_KEY_UISupportedInterfaceOrientations_iPad = "UIInterfaceOrientationPortrait UIInterfaceOrientationPortraitUpsideDown UIInterfaceOrientationLandscapeLeft UIInterfaceOrientationLandscapeRight";
				INFOPLIST_KEY_UISupportedInterfaceOrientations_iPhone = "UIInterfaceOrientationPortrait UIInterfaceOrientationLandscapeLeft UIInterfaceOrientationLandscapeRight";
				LD_RUNPATH_SEARCH_PATHS = (
					"$(inherited)",
					"@executable_path/Frameworks",
				);
				MARKETING_VERSION = 1.0;
				PRODUCT_BUNDLE_IDENTIFIER = "ca.camosun.ics20-018-camosun.bc.ca.Lab1-2022";
				PRODUCT_NAME = "$(TARGET_NAME)";
				SWIFT_EMIT_LOC_STRINGS = YES;
				SWIFT_VERSION = 5.0;
				TARGETED_DEVICE_FAMILY = "1,2";
			};
			name = Debug;
		};
		F39279F32797612E00B81D12 /* Release */ = {
			isa = XCBuildConfiguration;
			buildSettings = {
				ASSETCATALOG_COMPILER_APPICON_NAME = AppIcon;
				ASSETCATALOG_COMPILER_GLOBAL_ACCENT_COLOR_NAME = AccentColor;
				CODE_SIGN_STYLE = Automatic;
				CURRENT_PROJECT_VERSION = 1;
				DEVELOPMENT_ASSET_PATHS = "\"Lab1_2022/Preview Content\"";
				DEVELOPMENT_TEAM = SXU5PKL45A;
				ENABLE_PREVIEWS = YES;
				GENERATE_INFOPLIST_FILE = YES;
				INFOPLIST_KEY_NSCameraUsageDescription = "Camera Access is needed to add photos of inventory items";
				INFOPLIST_KEY_NSPhotoLibraryUsageDescription = "Photo library access is needed to add photos of inventory items";
				INFOPLIST_KEY_UIApplicationSceneManifest_Generation = YES;
				INFOPLIST_KEY_UIApplicationSupportsIndirectInputEvents = YES;
				INFOPLIST_KEY_UILaunchScreen_Generation = YES;
				INFOPLIST_KEY_UISupportedInterfaceOrientations_iPad = "UIInterfaceOrientationPortrait UIInterfaceOrientationPortraitUpsideDown UIInterfaceOrientationLandscapeLeft UIInterfaceOrientationLandscapeRight";
				INFOPLIST_KEY_UISupportedInterfaceOrientations_iPhone = "UIInterfaceOrientationPortrait UIInterfaceOrientationLandscapeLeft UIInterfaceOrientationLandscapeRight";
				LD_RUNPATH_SEARCH_PATHS = (
					"$(inherited)",
					"@executable_path/Frameworks",
				);
				MARKETING_VERSION = 1.0;
				PRODUCT_BUNDLE_IDENTIFIER = "ca.camosun.ics20-018-camosun.bc.ca.Lab1-2022";
				PRODUCT_NAME = "$(TARGET_NAME)";
				SWIFT_EMIT_LOC_STRINGS = YES;
				SWIFT_VERSION = 5.0;
				TARGETED_DEVICE_FAMILY = "1,2";
			};
			name = Release;
		};
		F39279F52797612E00B81D12 /* Debug */ = {
			isa = XCBuildConfiguration;
			buildSettings = {
				ALWAYS_EMBED_SWIFT_STANDARD_LIBRARIES = YES;
				BUNDLE_LOADER = "$(TEST_HOST)";
				CODE_SIGN_STYLE = Automatic;
				CURRENT_PROJECT_VERSION = 1;
				GENERATE_INFOPLIST_FILE = YES;
				IPHONEOS_DEPLOYMENT_TARGET = 15.2;
				MARKETING_VERSION = 1.0;
				PRODUCT_BUNDLE_IDENTIFIER = "ca.camosun.ics20-018-camosun.bc.ca.Lab1-2022Tests";
				PRODUCT_NAME = "$(TARGET_NAME)";
				SWIFT_EMIT_LOC_STRINGS = NO;
				SWIFT_VERSION = 5.0;
				TARGETED_DEVICE_FAMILY = "1,2";
				TEST_HOST = "$(BUILT_PRODUCTS_DIR)/Lab1_2022.app/Lab1_2022";
			};
			name = Debug;
		};
		F39279F62797612E00B81D12 /* Release */ = {
			isa = XCBuildConfiguration;
			buildSettings = {
				ALWAYS_EMBED_SWIFT_STANDARD_LIBRARIES = YES;
				BUNDLE_LOADER = "$(TEST_HOST)";
				CODE_SIGN_STYLE = Automatic;
				CURRENT_PROJECT_VERSION = 1;
				GENERATE_INFOPLIST_FILE = YES;
				IPHONEOS_DEPLOYMENT_TARGET = 15.2;
				MARKETING_VERSION = 1.0;
				PRODUCT_BUNDLE_IDENTIFIER = "ca.camosun.ics20-018-camosun.bc.ca.Lab1-2022Tests";
				PRODUCT_NAME = "$(TARGET_NAME)";
				SWIFT_EMIT_LOC_STRINGS = NO;
				SWIFT_VERSION = 5.0;
				TARGETED_DEVICE_FAMILY = "1,2";
				TEST_HOST = "$(BUILT_PRODUCTS_DIR)/Lab1_2022.app/Lab1_2022";
			};
			name = Release;
		};
		F39279F82797612E00B81D12 /* Debug */ = {
			isa = XCBuildConfiguration;
			buildSettings = {
				ALWAYS_EMBED_SWIFT_STANDARD_LIBRARIES = YES;
				CODE_SIGN_STYLE = Automatic;
				CURRENT_PROJECT_VERSION = 1;
				GENERATE_INFOPLIST_FILE = YES;
				MARKETING_VERSION = 1.0;
				PRODUCT_BUNDLE_IDENTIFIER = "ca.camosun.ics20-018-camosun.bc.ca.Lab1-2022UITests";
				PRODUCT_NAME = "$(TARGET_NAME)";
				SWIFT_EMIT_LOC_STRINGS = NO;
				SWIFT_VERSION = 5.0;
				TARGETED_DEVICE_FAMILY = "1,2";
				TEST_TARGET_NAME = Lab1_2022;
			};
			name = Debug;
		};
		F39279F92797612E00B81D12 /* Release */ = {
			isa = XCBuildConfiguration;
			buildSettings = {
				ALWAYS_EMBED_SWIFT_STANDARD_LIBRARIES = YES;
				CODE_SIGN_STYLE = Automatic;
				CURRENT_PROJECT_VERSION = 1;
				GENERATE_INFOPLIST_FILE = YES;
				MARKETING_VERSION = 1.0;
				PRODUCT_BUNDLE_IDENTIFIER = "ca.camosun.ics20-018-camosun.bc.ca.Lab1-2022UITests";
				PRODUCT_NAME = "$(TARGET_NAME)";
				SWIFT_EMIT_LOC_STRINGS = NO;
				SWIFT_VERSION = 5.0;
				TARGETED_DEVICE_FAMILY = "1,2";
				TEST_TARGET_NAME = Lab1_2022;
			};
			name = Release;
		};
/* End XCBuildConfiguration section */

/* Begin XCConfigurationList section */
		F39279C82797612C00B81D12 /* Build configuration list for PBXProject "Lab1_2022" */ = {
			isa = XCConfigurationList;
			buildConfigurations = (
				F39279EF2797612E00B81D12 /* Debug */,
				F39279F02797612E00B81D12 /* Release */,
			);
			defaultConfigurationIsVisible = 0;
			defaultConfigurationName = Release;
		};
		F39279F12797612E00B81D12 /* Build configuration list for PBXNativeTarget "Lab1_2022" */ = {
			isa = XCConfigurationList;
			buildConfigurations = (
				F39279F22797612E00B81D12 /* Debug */,
				F39279F32797612E00B81D12 /* Release */,
			);
			defaultConfigurationIsVisible = 0;
			defaultConfigurationName = Release;
		};
		F39279F42797612E00B81D12 /* Build configuration list for PBXNativeTarget "Lab1_2022Tests" */ = {
			isa = XCConfigurationList;
			buildConfigurations = (
				F39279F52797612E00B81D12 /* Debug */,
				F39279F62797612E00B81D12 /* Release */,
			);
			defaultConfigurationIsVisible = 0;
			defaultConfigurationName = Release;
		};
		F39279F72797612E00B81D12 /* Build configuration list for PBXNativeTarget "Lab1_2022UITests" */ = {
			isa = XCConfigurationList;
			buildConfigurations = (
				F39279F82797612E00B81D12 /* Debug */,
				F39279F92797612E00B81D12 /* Release */,
			);
			defaultConfigurationIsVisible = 0;
			defaultConfigurationName = Release;
		};
/* End XCConfigurationList section */
	};
	rootObject = F39279C52797612C00B81D12 /* Project object */;
}
